
Microsoft Visual Studio Solution File, Format Version 12.00
# Visual Studio Version 16
VisualStudioVersion = 16.0.31229.75
MinimumVisualStudioVersion = 10.0.40219.1
Project("{FAE04EC0-301F-11D3-BF4B-00C04F79EFBC}") = "FirstWinForm", "FirstWinForm\FirstWinForm.csproj", "{1E717976-C00A-40DB-8A42-7035F00DBBEB}"
EndProject
Global
	GlobalSection(SolutionConfigurationPlatforms) = preSolution
		Debug|Any CPU = Debug|Any CPU
		Release|Any CPU = Release|Any CPU
	EndGlobalSection
	GlobalSection(ProjectConfigurationPlatforms) = postSolution
		{1E717976-C00A-40DB-8A42-7035F00DBBEB}.Debug|Any CPU.ActiveCfg = Debug|Any CPU
		{1E717976-C00A-40DB-8A42-7035F00DBBEB}.Debug|Any CPU.Build.0 = Debug|Any CPU
		{1E717976-C00A-40DB-8A42-7035F00DBBEB}.Release|Any CPU.ActiveCfg = Release|Any CPU
		{1E717976-C00A-40DB-8A42-7035F00DBBEB}.Release|Any CPU.Build.0 = Release|Any CPU
	EndGlobalSection
	GlobalSection(SolutionProperties) = preSolution
		HideSolutionNode = FALSE
	EndGlobalSection
	GlobalSection(ExtensibilityGlobals) = postSolution
		SolutionGuid = {BD3A823D-F52E-4690-8BAE-C1C048A7E47A}
	EndGlobalSection
EndGlobal
